
Microsoft Visual Studio Solution File, Format Version 12.00
# Visual Studio Version 16
VisualStudioVersion = 16.0.30406.217
MinimumVisualStudioVersion = 10.0.40219.1
Project("{FAE04EC0-301F-11D3-BF4B-00C04F79EFBC}") = "DataAccess", "DataAccess\DataAccess.csproj", "{646E6ADD-9706-4CF3-8539-AC0CBB173551}"
EndProject
Global
	GlobalSection(SolutionConfigurationPlatforms) = preSolution
		Debug|Any CPU = Debug|Any CPU
		Release|Any CPU = Release|Any CPU
	EndGlobalSection
	GlobalSection(ProjectConfigurationPlatforms) = postSolution
		{646E6ADD-9706-4CF3-8539-AC0CBB173551}.Debug|Any CPU.ActiveCfg = Debug|Any CPU
		{646E6ADD-9706-4CF3-8539-AC0CBB173551}.Debug|Any CPU.Build.0 = Debug|Any CPU
		{646E6ADD-9706-4CF3-8539-AC0CBB173551}.Release|Any CPU.ActiveCfg = Release|Any CPU
		{646E6ADD-9706-4CF3-8539-AC0CBB173551}.Release|Any CPU.Build.0 = Release|Any CPU
	EndGlobalSection
	GlobalSection(SolutionProperties) = preSolution
		HideSolutionNode = FALSE
	EndGlobalSection
	GlobalSection(ExtensibilityGlobals) = postSolution
		SolutionGuid = {16617E42-EB2D-4440-923D-FF9B0AC02D31}
	EndGlobalSection
EndGlobal
